
Microsoft Visual Studio Solution File, Format Version 12.00
# Visual Studio 15
VisualStudioVersion = 15.0.28307.572
MinimumVisualStudioVersion = 10.0.40219.1
Project("{2150E333-8FDC-42A3-9474-1A3956D46DE8}") = "Microservices", "Microservices", "{360E9EBF-AAFA-49C5-829E-196C748EC0AC}"
EndProject
Project("{2150E333-8FDC-42A3-9474-1A3956D46DE8}") = "Domain", "Domain", "{BE9C2C50-FF9B-4291-8D02-21FBCC6750E6}"
EndProject
Project("{2150E333-8FDC-42A3-9474-1A3956D46DE8}") = "Infra.Bus", "Infra.Bus", "{28EDAE8E-85CD-491B-9898-85DEFCCB4CDB}"
EndProject
Project("{2150E333-8FDC-42A3-9474-1A3956D46DE8}") = "Infra.IoC", "Infra.IoC", "{37B898BE-90BB-464B-A760-5D1FB0C3FEF1}"
EndProject
Project("{2150E333-8FDC-42A3-9474-1A3956D46DE8}") = "Presentation", "Presentation", "{0F642E30-C219-47F6-8189-E74B841017E2}"
EndProject
Project("{FAE04EC0-301F-11D3-BF4B-00C04F79EFBC}") = "MicroRabbit.Domain.Core", "MicroRabbit.Domain.Core\MicroRabbit.Domain.Core.csproj", "{88177BA7-2554-4D89-A7F7-6EB6C959C5D2}"
EndProject
Project("{FAE04EC0-301F-11D3-BF4B-00C04F79EFBC}") = "MicroRabbit.Infra.Bus", "MicroRabbit.Infra.Bus\MicroRabbit.Infra.Bus.csproj", "{FC4C5E81-23B6-438A-B81E-68A7346ADF3E}"
EndProject
Project("{FAE04EC0-301F-11D3-BF4B-00C04F79EFBC}") = "MicroRabbit.Infra.IoC", "MicroRabbit.Infra.IoC\MicroRabbit.Infra.IoC.csproj", "{2B78423F-5046-4533-8125-0F676A28A53E}"
EndProject
Project("{2150E333-8FDC-42A3-9474-1A3956D46DE8}") = "Banking", "Banking", "{AC62A9A7-B63F-4614-A34E-CC9BC91DE7CF}"
EndProject
Project("{2150E333-8FDC-42A3-9474-1A3956D46DE8}") = "Api", "Api", "{68795AA5-AD0C-4726-9C28-C6E9731FA57A}"
EndProject
Project("{2150E333-8FDC-42A3-9474-1A3956D46DE8}") = "Domain", "Domain", "{14D5976F-6827-4413-AA33-133820E563BC}"
EndProject
Project("{2150E333-8FDC-42A3-9474-1A3956D46DE8}") = "Application", "Application", "{249C3AB8-AF85-47FC-8B86-FD4B05C3CF7C}"
EndProject
Project("{2150E333-8FDC-42A3-9474-1A3956D46DE8}") = "Data", "Data", "{526C998C-C8FA-4BC4-96B7-AD92F3424AF9}"
EndProject
Project("{FAE04EC0-301F-11D3-BF4B-00C04F79EFBC}") = "MicroRabbit.Banking.Api", "MicroRabbit.Banking.Api\MicroRabbit.Banking.Api.csproj", "{ED9BF1B0-5B32-49F1-9613-0EE368340814}"
EndProject
Project("{FAE04EC0-301F-11D3-BF4B-00C04F79EFBC}") = "MicroRabbit.Banking.Application", "MicroRabbit.Banking.Application\MicroRabbit.Banking.Application.csproj", "{89C4DD89-76CC-4A4F-8487-D0D1AE06DF9E}"
EndProject
Project("{FAE04EC0-301F-11D3-BF4B-00C04F79EFBC}") = "MicroRabbit.Banking.Data", "MicroRabbit.Banking.Data\MicroRabbit.Banking.Data.csproj", "{90336E62-8DC3-4FCA-A407-5E6821B0704F}"
EndProject
Project("{FAE04EC0-301F-11D3-BF4B-00C04F79EFBC}") = "MicroRabbit.Banking.Domain", "MicroRabbit.Banking.Domain\MicroRabbit.Banking.Domain.csproj", "{089842FD-AACB-45DD-BDF7-A802DD0EF76F}"
EndProject
Project("{2150E333-8FDC-42A3-9474-1A3956D46DE8}") = "Transfer", "Transfer", "{12B6F628-C6BD-4513-89AC-B469357B5448}"
EndProject
Project("{2150E333-8FDC-42A3-9474-1A3956D46DE8}") = "Api", "Api", "{26C891AB-6EEE-4FE7-BF79-0C0FD11203EB}"
EndProject
Project("{2150E333-8FDC-42A3-9474-1A3956D46DE8}") = "Application", "Application", "{425BE39A-825C-453B-A34A-7B8E9008F4A5}"
EndProject
Project("{2150E333-8FDC-42A3-9474-1A3956D46DE8}") = "Data", "Data", "{4F1971B8-B4E7-4CF1-9FE3-316D560DB050}"
EndProject
Project("{2150E333-8FDC-42A3-9474-1A3956D46DE8}") = "Domain", "Domain", "{DCB21FCE-AB1E-4241-A04E-528082CDB3EF}"
EndProject
Project("{FAE04EC0-301F-11D3-BF4B-00C04F79EFBC}") = "MicroRabbit.Transfer.Api", "MicroRabbit.Transfer.Api\MicroRabbit.Transfer.Api.csproj", "{F1087476-FEFB-4040-B822-E4714612A673}"
EndProject
Project("{FAE04EC0-301F-11D3-BF4B-00C04F79EFBC}") = "MicroRabbit.Transfer.Application", "MicroRabbit.Transfer.Application\MicroRabbit.Transfer.Application.csproj", "{06E28DFE-8294-441A-B6CC-9317050B8728}"
EndProject
Project("{FAE04EC0-301F-11D3-BF4B-00C04F79EFBC}") = "MicroRabbit.Transfer.Domain", "MicroRabbit.Transfer.Domain\MicroRabbit.Transfer.Domain.csproj", "{7AB45BE3-842C-4A38-9E86-D53A3956D270}"
EndProject
Project("{FAE04EC0-301F-11D3-BF4B-00C04F79EFBC}") = "MicroRabbit.Transfer.Data", "MicroRabbit.Transfer.Data\MicroRabbit.Transfer.Data.csproj", "{73885703-016B-450A-ABC3-76D3A53A238F}"
EndProject
Global
	GlobalSection(SolutionConfigurationPlatforms) = preSolution
		Debug|Any CPU = Debug|Any CPU
		Release|Any CPU = Release|Any CPU
	EndGlobalSection
	GlobalSection(ProjectConfigurationPlatforms) = postSolution
		{88177BA7-2554-4D89-A7F7-6EB6C959C5D2}.Debug|Any CPU.ActiveCfg = Debug|Any CPU
		{88177BA7-2554-4D89-A7F7-6EB6C959C5D2}.Debug|Any CPU.Build.0 = Debug|Any CPU
		{88177BA7-2554-4D89-A7F7-6EB6C959C5D2}.Release|Any CPU.ActiveCfg = Release|Any CPU
		{88177BA7-2554-4D89-A7F7-6EB6C959C5D2}.Release|Any CPU.Build.0 = Release|Any CPU
		{FC4C5E81-23B6-438A-B81E-68A7346ADF3E}.Debug|Any CPU.ActiveCfg = Debug|Any CPU
		{FC4C5E81-23B6-438A-B81E-68A7346ADF3E}.Debug|Any CPU.Build.0 = Debug|Any CPU
		{FC4C5E81-23B6-438A-B81E-68A7346ADF3E}.Release|Any CPU.ActiveCfg = Release|Any CPU
		{FC4C5E81-23B6-438A-B81E-68A7346ADF3E}.Release|Any CPU.Build.0 = Release|Any CPU
		{2B78423F-5046-4533-8125-0F676A28A53E}.Debug|Any CPU.ActiveCfg = Debug|Any CPU
		{2B78423F-5046-4533-8125-0F676A28A53E}.Debug|Any CPU.Build.0 = Debug|Any CPU
		{2B78423F-5046-4533-8125-0F676A28A53E}.Release|Any CPU.ActiveCfg = Release|Any CPU
		{2B78423F-5046-4533-8125-0F676A28A53E}.Release|Any CPU.Build.0 = Release|Any CPU
		{ED9BF1B0-5B32-49F1-9613-0EE368340814}.Debug|Any CPU.ActiveCfg = Debug|Any CPU
		{ED9BF1B0-5B32-49F1-9613-0EE368340814}.Debug|Any CPU.Build.0 = Debug|Any CPU
		{ED9BF1B0-5B32-49F1-9613-0EE368340814}.Release|Any CPU.ActiveCfg = Release|Any CPU
		{ED9BF1B0-5B32-49F1-9613-0EE368340814}.Release|Any CPU.Build.0 = Release|Any CPU
		{89C4DD89-76CC-4A4F-8487-D0D1AE06DF9E}.Debug|Any CPU.ActiveCfg = Debug|Any CPU
		{89C4DD89-76CC-4A4F-8487-D0D1AE06DF9E}.Debug|Any CPU.Build.0 = Debug|Any CPU
		{89C4DD89-76CC-4A4F-8487-D0D1AE06DF9E}.Release|Any CPU.ActiveCfg = Release|Any CPU
		{89C4DD89-76CC-4A4F-8487-D0D1AE06DF9E}.Release|Any CPU.Build.0 = Release|Any CPU
		{90336E62-8DC3-4FCA-A407-5E6821B0704F}.Debug|Any CPU.ActiveCfg = Debug|Any CPU
		{90336E62-8DC3-4FCA-A407-5E6821B0704F}.Debug|Any CPU.Build.0 = Debug|Any CPU
		{90336E62-8DC3-4FCA-A407-5E6821B0704F}.Release|Any CPU.ActiveCfg = Release|Any CPU
		{90336E62-8DC3-4FCA-A407-5E6821B0704F}.Release|Any CPU.Build.0 = Release|Any CPU
		{089842FD-AACB-45DD-BDF7-A802DD0EF76F}.Debug|Any CPU.ActiveCfg = Debug|Any CPU
		{089842FD-AACB-45DD-BDF7-A802DD0EF76F}.Debug|Any CPU.Build.0 = Debug|Any CPU
		{089842FD-AACB-45DD-BDF7-A802DD0EF76F}.Release|Any CPU.ActiveCfg = Release|Any CPU
		{089842FD-AACB-45DD-BDF7-A802DD0EF76F}.Release|Any CPU.Build.0 = Release|Any CPU
		{F1087476-FEFB-4040-B822-E4714612A673}.Debug|Any CPU.ActiveCfg = Debug|Any CPU
		{F1087476-FEFB-4040-B822-E4714612A673}.Debug|Any CPU.Build.0 = Debug|Any CPU
		{F1087476-FEFB-4040-B822-E4714612A673}.Release|Any CPU.ActiveCfg = Release|Any CPU
		{F1087476-FEFB-4040-B822-E4714612A673}.Release|Any CPU.Build.0 = Release|Any CPU
		{06E28DFE-8294-441A-B6CC-9317050B8728}.Debug|Any CPU.ActiveCfg = Debug|Any CPU
		{06E28DFE-8294-441A-B6CC-9317050B8728}.Debug|Any CPU.Build.0 = Debug|Any CPU
		{06E28DFE-8294-441A-B6CC-9317050B8728}.Release|Any CPU.ActiveCfg = Release|Any CPU
		{06E28DFE-8294-441A-B6CC-9317050B8728}.Release|Any CPU.Build.0 = Release|Any CPU
		{7AB45BE3-842C-4A38-9E86-D53A3956D270}.Debug|Any CPU.ActiveCfg = Debug|Any CPU
		{7AB45BE3-842C-4A38-9E86-D53A3956D270}.Debug|Any CPU.Build.0 = Debug|Any CPU
		{7AB45BE3-842C-4A38-9E86-D53A3956D270}.Release|Any CPU.ActiveCfg = Release|Any CPU
		{7AB45BE3-842C-4A38-9E86-D53A3956D270}.Release|Any CPU.Build.0 = Release|Any CPU
		{73885703-016B-450A-ABC3-76D3A53A238F}.Debug|Any CPU.ActiveCfg = Debug|Any CPU
		{73885703-016B-450A-ABC3-76D3A53A238F}.Debug|Any CPU.Build.0 = Debug|Any CPU
		{73885703-016B-450A-ABC3-76D3A53A238F}.Release|Any CPU.ActiveCfg = Release|Any CPU
		{73885703-016B-450A-ABC3-76D3A53A238F}.Release|Any CPU.Build.0 = Release|Any CPU
	EndGlobalSection
	GlobalSection(SolutionProperties) = preSolution
		HideSolutionNode = FALSE
	EndGlobalSection
	GlobalSection(NestedProjects) = preSolution
		{88177BA7-2554-4D89-A7F7-6EB6C959C5D2} = {BE9C2C50-FF9B-4291-8D02-21FBCC6750E6}
		{FC4C5E81-23B6-438A-B81E-68A7346ADF3E} = {28EDAE8E-85CD-491B-9898-85DEFCCB4CDB}
		{2B78423F-5046-4533-8125-0F676A28A53E} = {37B898BE-90BB-464B-A760-5D1FB0C3FEF1}
		{AC62A9A7-B63F-4614-A34E-CC9BC91DE7CF} = {360E9EBF-AAFA-49C5-829E-196C748EC0AC}
		{68795AA5-AD0C-4726-9C28-C6E9731FA57A} = {AC62A9A7-B63F-4614-A34E-CC9BC91DE7CF}
		{14D5976F-6827-4413-AA33-133820E563BC} = {AC62A9A7-B63F-4614-A34E-CC9BC91DE7CF}
		{249C3AB8-AF85-47FC-8B86-FD4B05C3CF7C} = {AC62A9A7-B63F-4614-A34E-CC9BC91DE7CF}
		{526C998C-C8FA-4BC4-96B7-AD92F3424AF9} = {AC62A9A7-B63F-4614-A34E-CC9BC91DE7CF}
		{ED9BF1B0-5B32-49F1-9613-0EE368340814} = {68795AA5-AD0C-4726-9C28-C6E9731FA57A}
		{89C4DD89-76CC-4A4F-8487-D0D1AE06DF9E} = {249C3AB8-AF85-47FC-8B86-FD4B05C3CF7C}
		{90336E62-8DC3-4FCA-A407-5E6821B0704F} = {526C998C-C8FA-4BC4-96B7-AD92F3424AF9}
		{089842FD-AACB-45DD-BDF7-A802DD0EF76F} = {14D5976F-6827-4413-AA33-133820E563BC}
		{12B6F628-C6BD-4513-89AC-B469357B5448} = {360E9EBF-AAFA-49C5-829E-196C748EC0AC}
		{26C891AB-6EEE-4FE7-BF79-0C0FD11203EB} = {12B6F628-C6BD-4513-89AC-B469357B5448}
		{425BE39A-825C-453B-A34A-7B8E9008F4A5} = {12B6F628-C6BD-4513-89AC-B469357B5448}
		{4F1971B8-B4E7-4CF1-9FE3-316D560DB050} = {12B6F628-C6BD-4513-89AC-B469357B5448}
		{DCB21FCE-AB1E-4241-A04E-528082CDB3EF} = {12B6F628-C6BD-4513-89AC-B469357B5448}
		{F1087476-FEFB-4040-B822-E4714612A673} = {26C891AB-6EEE-4FE7-BF79-0C0FD11203EB}
		{06E28DFE-8294-441A-B6CC-9317050B8728} = {425BE39A-825C-453B-A34A-7B8E9008F4A5}
		{7AB45BE3-842C-4A38-9E86-D53A3956D270} = {DCB21FCE-AB1E-4241-A04E-528082CDB3EF}
		{73885703-016B-450A-ABC3-76D3A53A238F} = {4F1971B8-B4E7-4CF1-9FE3-316D560DB050}
	EndGlobalSection
	GlobalSection(ExtensibilityGlobals) = postSolution
		SolutionGuid = {73BCC85D-9E2F-4D7D-90B6-7ABACA58D66D}
	EndGlobalSection
EndGlobal
